<?xml version="1.0" encoding="utf-8"?>
<Project ToolsVersion="4.0" xmlns="http://schemas.microsoft.com/developer/msbuild/2003">
  <ItemGroup>
    <Filter Include="SourceFiles">
      <UniqueIdentifier>{683dbb15-3526-410b-a84e-cbd4b3e7ec77}</UniqueIdentifier>
    </Filter>
    <Filter Include="HeaderFiles">
      <UniqueIdentifier>{ce4c3f03-272b-4282-b8b8-25e839c16fbf}</UniqueIdentifier>
    </Filter>
  </ItemGroup>
  <ItemGroup>
    <ClCompile Include="framework\d3dapp.cpp">
      <Filter>SourceFiles</Filter>
    </ClCompile>
    <ClCompile Include="framework\d3denumeration.cpp">
      <Filter>SourceFiles</Filter>
    </ClCompile>
    <ClCompile Include="framework\d3dfile.cpp">
      <Filter>SourceFiles</Filter>
    </ClCompile>
    <ClCompile Include="framework\d3dfont.cpp">
      <Filter>SourceFiles</Filter>
    </ClCompile>
    <ClCompile Include="framework\d3dsettings.cpp">
      <Filter>SourceFiles</Filter>
    </ClCompile>
    <ClCompile Include="framework\d3dutil.cpp">
      <Filter>SourceFiles</Filter>
    </ClCompile>
    <ClCompile Include="framework\dxutil.cpp">
      <Filter>SourceFiles</Filter>
    </ClCompile>
    <ClCompile Include="main.cpp">
      <Filter>SourceFiles</Filter>
    </ClCompile>
  </ItemGroup>
  <ItemGroup>
    <ClInclude Include="framework\d3dapp.h">
      <Filter>HeaderFiles</Filter>
    </ClInclude>
    <ClInclude Include="framework\d3denumeration.h">
      <Filter>HeaderFiles</Filter>
    </ClInclude>
    <ClInclude Include="framework\d3dfile.h">
      <Filter>HeaderFiles</Filter>
    </ClInclude>
    <ClInclude Include="framework\d3dfont.h">
      <Filter>HeaderFiles</Filter>
    </ClInclude>
    <ClInclude Include="framework\d3dsettings.h">
      <Filter>HeaderFiles</Filter>
    </ClInclude>
    <ClInclude Include="framework\d3dutil.h">
      <Filter>HeaderFiles</Filter>
    </ClInclude>
    <ClInclude Include="framework\dxutil.h">
      <Filter>HeaderFiles</Filter>
    </ClInclude>
    <ClInclude Include="main.h">
      <Filter>HeaderFiles</Filter>
    </ClInclude>
    <ClInclude Include="resource.h">
      <Filter>HeaderFiles</Filter>
    </ClInclude>
  </ItemGroup>
  <ItemGroup>
    <ResourceCompile Include="main.rc" />
  </ItemGroup>
  <ItemGroup>
    <CustomBuild Include="DirectX.ico" />
    <CustomBuild Include="hlsl.fx" />
  </ItemGroup>
</Project>